PODS:
  - Alamofire (5.5.0)
  - M13Checkbox (3.4.0)
  - SwiftGen (6.4.0)
  - UIScreenExtension (0.0.10)

DEPENDENCIES:
  - Alamofire (~> 5.2)
  - M13Checkbox
  - SwiftGen (~> 6.4.0)
  - UIScreenExtension (from `https://github.com/marchv/UIScreenExtension`)

SPEC REPOS:
  trunk:
    - Alamofire
    - M13Checkbox
    - SwiftGen

EXTERNAL SOURCES:
  UIScreenExtension:
    :git: https://github.com/marchv/UIScreenExtension

CHECKOUT OPTIONS:
  UIScreenExtension:
    :commit: f0cba4a0a229181705126630cb51551b69e31112
    :git: https://github.com/marchv/UIScreenExtension

SPEC CHECKSUMS:
  Alamofire: 1c4fb5369c3fe93d2857c780d8bbe09f06f97e7c
  M13Checkbox: 6f59404540ac98ba83a3d1afac335895a40c6a5d
  SwiftGen: 67860cc7c3cfc2ed25b9b74cfd55495fc89f9108
  UIScreenExtension: 2c6ab239077a11fd930f38b3fcf96307709dc2b0

PODFILE CHECKSUM: d9974c9a1f98be3ca785a636c02a62a4f3fc5a97

COCOAPODS: 1.11.2
