PODS:
  - Alamofire (5.4.3)
  - M13Checkbox (3.4.0)
  - SwiftGen (6.4.0)

DEPENDENCIES:
  - Alamofire (~> 5.2)
  - M13Checkbox
  - SwiftGen (~> 6.4.0)

SPEC REPOS:
  trunk:
    - Alamofire
    - M13Checkbox
    - SwiftGen

SPEC CHECKSUMS:
  Alamofire: e447a2774a40c996748296fa2c55112fdbbc42f9
  M13Checkbox: 6f59404540ac98ba83a3d1afac335895a40c6a5d
  SwiftGen: 67860cc7c3cfc2ed25b9b74cfd55495fc89f9108

PODFILE CHECKSUM: 1ea08b914572112859516b4a1b9f02bf15ac83ee

COCOAPODS: 1.11.2
