PODS:
  - Alamofire (5.9.1)
  - M13Checkbox (3.4.0)
  - SwiftGen (6.4.0)
  - UIScreenExtension (0.0.11)
  - ZIPFoundation (0.9.19)

DEPENDENCIES:
  - Alamofire (~> 5.2)
  - M13Checkbox
  - SwiftGen (~> 6.4.0)
  - UIScreenExtension (from `https://github.com/marchv/UIScreenExtension`)
  - ZIPFoundation (~> 0.9)

SPEC REPOS:
  trunk:
    - Alamofire
    - M13Checkbox
    - SwiftGen
    - ZIPFoundation

EXTERNAL SOURCES:
  UIScreenExtension:
    :git: https://github.com/marchv/UIScreenExtension

CHECKOUT OPTIONS:
  UIScreenExtension:
    :commit: 15db6b6030af7b814be014dc96ec8b876edb2f48
    :git: https://github.com/marchv/UIScreenExtension

SPEC CHECKSUMS:
  Alamofire: f36a35757af4587d8e4f4bfa223ad10be2422b8c
  M13Checkbox: 6f59404540ac98ba83a3d1afac335895a40c6a5d
  SwiftGen: 67860cc7c3cfc2ed25b9b74cfd55495fc89f9108
  UIScreenExtension: 32648de7d58896d842a803d70e70665a8d729d3c
  ZIPFoundation: b8c29ea7ae353b309bc810586181fd073cb3312c

PODFILE CHECKSUM: d1b3af8d827f0e0e8ae578bead6b19787c2e5421

COCOAPODS: 1.15.2
