// !$*UTF8*$!
{
	archiveVersion = 1;
	classes = {
	};
	objectVersion = 50;
	objects = {

/* Begin PBXBuildFile section */
		054F6788270C7B4C00FCC07C /* AppDelegate.swift in Sources */ = {isa = PBXBuildFile; fileRef = 054F6787270C7B4C00FCC07C /* AppDelegate.swift */; };
		054F678A270C7B4C00FCC07C /* SceneDelegate.swift in Sources */ = {isa = PBXBuildFile; fileRef = 054F6789270C7B4C00FCC07C /* SceneDelegate.swift */; };
		054F6791270C7B4C00FCC07C /* Assets.xcassets in Resources */ = {isa = PBXBuildFile; fileRef = 054F6790270C7B4C00FCC07C /* Assets.xcassets */; };
		054F6794270C7B4C00FCC07C /* LaunchScreen.storyboard in Resources */ = {isa = PBXBuildFile; fileRef = 054F6792270C7B4C00FCC07C /* LaunchScreen.storyboard */; };
		054F67A4270CD68900FCC07C /* XCAssets+Generated.swift in Sources */ = {isa = PBXBuildFile; fileRef = 054F67A3270CD68900FCC07C /* XCAssets+Generated.swift */; };
		054F67AA270CD78D00FCC07C /* LessonCellView.swift in Sources */ = {isa = PBXBuildFile; fileRef = 054F67A9270CD78D00FCC07C /* LessonCellView.swift */; };
		054F67CC270CDFB400FCC07C /* LessonModel.swift in Sources */ = {isa = PBXBuildFile; fileRef = 054F67CB270CDFB400FCC07C /* LessonModel.swift */; };
		056F2D00271C5EB60063015B /* Strings+Generated.swift in Sources */ = {isa = PBXBuildFile; fileRef = 056F2CFF271C5EB60063015B /* Strings+Generated.swift */; };
		056F2D13271C623B0063015B /* Localizable.strings in Resources */ = {isa = PBXBuildFile; fileRef = 056F2D15271C623B0063015B /* Localizable.strings */; };
		056F2D1E271CAED30063015B /* SettingTimetableVC.swift in Sources */ = {isa = PBXBuildFile; fileRef = 056F2D1D271CAED30063015B /* SettingTimetableVC.swift */; };
		056F2D20271CAF400063015B /* GroupsAndTeacherStorage.swift in Sources */ = {isa = PBXBuildFile; fileRef = 056F2D1F271CAF400063015B /* GroupsAndTeacherStorage.swift */; };
		0574A227271036CC00C33317 /* DateTableViewCell.swift in Sources */ = {isa = PBXBuildFile; fileRef = 0574A226271036CC00C33317 /* DateTableViewCell.swift */; };
		0574A2292711FF5F00C33317 /* TimetableBreakTableViewCell.swift in Sources */ = {isa = PBXBuildFile; fileRef = 0574A2282711FF5F00C33317 /* TimetableBreakTableViewCell.swift */; };
		05C32AC3271F06B70033B751 /* ChoosingWithSearchTableView.swift in Sources */ = {isa = PBXBuildFile; fileRef = 05C32AC2271F06B70033B751 /* ChoosingWithSearchTableView.swift */; };
		05C32AC5271F10BA0033B751 /* ChoosingTableViewCell.swift in Sources */ = {isa = PBXBuildFile; fileRef = 05C32AC4271F10BA0033B751 /* ChoosingTableViewCell.swift */; };
		05C32AC7271F4C3E0033B751 /* SettingsModel.swift in Sources */ = {isa = PBXBuildFile; fileRef = 05C32AC6271F4C3E0033B751 /* SettingsModel.swift */; };
		05C4C82D27134C5100C22D61 /* TimetableViewController.swift in Sources */ = {isa = PBXBuildFile; fileRef = 05C4C82C27134C5100C22D61 /* TimetableViewController.swift */; };
		05C4C82F27134CC800C22D61 /* Timetable+DatasourceDelegate.swift in Sources */ = {isa = PBXBuildFile; fileRef = 05C4C82E27134CC800C22D61 /* Timetable+DatasourceDelegate.swift */; };
		05C4C8312713549A00C22D61 /* SkeletonDateTableViewCell.swift in Sources */ = {isa = PBXBuildFile; fileRef = 05C4C8302713549A00C22D61 /* SkeletonDateTableViewCell.swift */; };
		05C4C8332713599500C22D61 /* SkeletonLessonCellView.swift in Sources */ = {isa = PBXBuildFile; fileRef = 05C4C8322713599500C22D61 /* SkeletonLessonCellView.swift */; };
		9717E4272742991F00332D29 /* MapView.swift in Sources */ = {isa = PBXBuildFile; fileRef = 9717E4262742991F00332D29 /* MapView.swift */; };
		9717E4332744746200332D29 /* Feature.swift in Sources */ = {isa = PBXBuildFile; fileRef = 9717E42A2744746200332D29 /* Feature.swift */; };
		9717E4342744746200332D29 /* Anchor.swift in Sources */ = {isa = PBXBuildFile; fileRef = 9717E42B2744746200332D29 /* Anchor.swift */; };
		9717E4352744746200332D29 /* Venue.swift in Sources */ = {isa = PBXBuildFile; fileRef = 9717E42C2744746200332D29 /* Venue.swift */; };
		9717E4362744746200332D29 /* Unit.swift in Sources */ = {isa = PBXBuildFile; fileRef = 9717E42D2744746200332D29 /* Unit.swift */; };
		9717E4372744746200332D29 /* Amenity.swift in Sources */ = {isa = PBXBuildFile; fileRef = 9717E42E2744746200332D29 /* Amenity.swift */; };
		9717E4382744746200332D29 /* Occupant.swift in Sources */ = {isa = PBXBuildFile; fileRef = 9717E42F2744746200332D29 /* Occupant.swift */; };
		9717E4392744746200332D29 /* LocalizedName.swift in Sources */ = {isa = PBXBuildFile; fileRef = 9717E4302744746200332D29 /* LocalizedName.swift */; };
		9717E43A2744746200332D29 /* Opening.swift in Sources */ = {isa = PBXBuildFile; fileRef = 9717E4312744746200332D29 /* Opening.swift */; };
		9717E43B2744746200332D29 /* Level.swift in Sources */ = {isa = PBXBuildFile; fileRef = 9717E4322744746200332D29 /* Level.swift */; };
		9717E457274474FC00332D29 /* IMDFDecoder.swift in Sources */ = {isa = PBXBuildFile; fileRef = 9717E456274474FC00332D29 /* IMDFDecoder.swift */; };
		9717E4592744773100332D29 /* MapViewDelegate.swift in Sources */ = {isa = PBXBuildFile; fileRef = 9717E4582744773100332D29 /* MapViewDelegate.swift */; };
		9717E46027447A7D00332D29 /* IMDFData in Resources */ = {isa = PBXBuildFile; fileRef = 9717E45F27447A7D00332D29 /* IMDFData */; };
		9717E46227447B8F00332D29 /* Styles.swift in Sources */ = {isa = PBXBuildFile; fileRef = 9717E46127447B8F00332D29 /* Styles.swift */; };
		97A484BC2717858700D14997 /* MapViewController.swift in Sources */ = {isa = PBXBuildFile; fileRef = 97A484BB2717858700D14997 /* MapViewController.swift */; };
		97A484C02717BAF700D14997 /* RoundButton.swift in Sources */ = {isa = PBXBuildFile; fileRef = 97A484BF2717BAF700D14997 /* RoundButton.swift */; };
		97BBFEC727121F9E0039F3E0 /* TimetableModel.swift in Sources */ = {isa = PBXBuildFile; fileRef = 97BBFEC627121F9E0039F3E0 /* TimetableModel.swift */; };
		97BBFECA2712271D0039F3E0 /* TimetableProvider.swift in Sources */ = {isa = PBXBuildFile; fileRef = 97BBFEC92712271D0039F3E0 /* TimetableProvider.swift */; };
		CC14BD9E95A1118391DF5EB0 /* libPods-PolyNavi.a in Frameworks */ = {isa = PBXBuildFile; fileRef = 378F1042FDA644BE9234BD31 /* libPods-PolyNavi.a */; };
/* End PBXBuildFile section */

/* Begin PBXFileReference section */
		054F6784270C7B4C00FCC07C /* PolyNavi.app */ = {isa = PBXFileReference; explicitFileType = wrapper.application; includeInIndex = 0; path = PolyNavi.app; sourceTree = BUILT_PRODUCTS_DIR; };
		054F6787270C7B4C00FCC07C /* AppDelegate.swift */ = {isa = PBXFileReference; lastKnownFileType = sourcecode.swift; path = AppDelegate.swift; sourceTree = "<group>"; };
		054F6789270C7B4C00FCC07C /* SceneDelegate.swift */ = {isa = PBXFileReference; lastKnownFileType = sourcecode.swift; path = SceneDelegate.swift; sourceTree = "<group>"; };
		054F6790270C7B4C00FCC07C /* Assets.xcassets */ = {isa = PBXFileReference; lastKnownFileType = folder.assetcatalog; path = Assets.xcassets; sourceTree = "<group>"; };
		054F6793270C7B4C00FCC07C /* Base */ = {isa = PBXFileReference; lastKnownFileType = file.storyboard; name = Base; path = Base.lproj/LaunchScreen.storyboard; sourceTree = "<group>"; };
		054F6795270C7B4C00FCC07C /* Info.plist */ = {isa = PBXFileReference; lastKnownFileType = text.plist.xml; path = Info.plist; sourceTree = "<group>"; };
		054F67A3270CD68900FCC07C /* XCAssets+Generated.swift */ = {isa = PBXFileReference; fileEncoding = 4; lastKnownFileType = sourcecode.swift; path = "XCAssets+Generated.swift"; sourceTree = "<group>"; };
		054F67A9270CD78D00FCC07C /* LessonCellView.swift */ = {isa = PBXFileReference; lastKnownFileType = sourcecode.swift; path = LessonCellView.swift; sourceTree = "<group>"; };
		054F67CB270CDFB400FCC07C /* LessonModel.swift */ = {isa = PBXFileReference; lastKnownFileType = sourcecode.swift; path = LessonModel.swift; sourceTree = "<group>"; };
		056F2CFF271C5EB60063015B /* Strings+Generated.swift */ = {isa = PBXFileReference; lastKnownFileType = sourcecode.swift; path = "Strings+Generated.swift"; sourceTree = "<group>"; };
		056F2D14271C623B0063015B /* en */ = {isa = PBXFileReference; lastKnownFileType = text.plist.strings; name = en; path = en.lproj/Localizable.strings; sourceTree = "<group>"; };
		056F2D1A271C62EC0063015B /* ru */ = {isa = PBXFileReference; lastKnownFileType = text.plist.strings; name = ru; path = ru.lproj/Localizable.strings; sourceTree = "<group>"; };
		056F2D1D271CAED30063015B /* SettingTimetableVC.swift */ = {isa = PBXFileReference; lastKnownFileType = sourcecode.swift; path = SettingTimetableVC.swift; sourceTree = "<group>"; };
		056F2D1F271CAF400063015B /* GroupsAndTeacherStorage.swift */ = {isa = PBXFileReference; lastKnownFileType = sourcecode.swift; path = GroupsAndTeacherStorage.swift; sourceTree = "<group>"; };
		0574A226271036CC00C33317 /* DateTableViewCell.swift */ = {isa = PBXFileReference; lastKnownFileType = sourcecode.swift; path = DateTableViewCell.swift; sourceTree = "<group>"; };
		0574A2282711FF5F00C33317 /* TimetableBreakTableViewCell.swift */ = {isa = PBXFileReference; lastKnownFileType = sourcecode.swift; path = TimetableBreakTableViewCell.swift; sourceTree = "<group>"; };
		05C32AC2271F06B70033B751 /* ChoosingWithSearchTableView.swift */ = {isa = PBXFileReference; lastKnownFileType = sourcecode.swift; path = ChoosingWithSearchTableView.swift; sourceTree = "<group>"; };
		05C32AC4271F10BA0033B751 /* ChoosingTableViewCell.swift */ = {isa = PBXFileReference; lastKnownFileType = sourcecode.swift; path = ChoosingTableViewCell.swift; sourceTree = "<group>"; };
		05C32AC6271F4C3E0033B751 /* SettingsModel.swift */ = {isa = PBXFileReference; lastKnownFileType = sourcecode.swift; path = SettingsModel.swift; sourceTree = "<group>"; };
		05C4C82C27134C5100C22D61 /* TimetableViewController.swift */ = {isa = PBXFileReference; lastKnownFileType = sourcecode.swift; path = TimetableViewController.swift; sourceTree = "<group>"; };
		05C4C82E27134CC800C22D61 /* Timetable+DatasourceDelegate.swift */ = {isa = PBXFileReference; lastKnownFileType = sourcecode.swift; path = "Timetable+DatasourceDelegate.swift"; sourceTree = "<group>"; };
		05C4C8302713549A00C22D61 /* SkeletonDateTableViewCell.swift */ = {isa = PBXFileReference; lastKnownFileType = sourcecode.swift; path = SkeletonDateTableViewCell.swift; sourceTree = "<group>"; };
		05C4C8322713599500C22D61 /* SkeletonLessonCellView.swift */ = {isa = PBXFileReference; lastKnownFileType = sourcecode.swift; path = SkeletonLessonCellView.swift; sourceTree = "<group>"; };
		378F1042FDA644BE9234BD31 /* libPods-PolyNavi.a */ = {isa = PBXFileReference; explicitFileType = archive.ar; includeInIndex = 0; path = "libPods-PolyNavi.a"; sourceTree = BUILT_PRODUCTS_DIR; };
		9717E4262742991F00332D29 /* MapView.swift */ = {isa = PBXFileReference; lastKnownFileType = sourcecode.swift; path = MapView.swift; sourceTree = "<group>"; };
		9717E42A2744746200332D29 /* Feature.swift */ = {isa = PBXFileReference; fileEncoding = 4; lastKnownFileType = sourcecode.swift; path = Feature.swift; sourceTree = "<group>"; };
		9717E42B2744746200332D29 /* Anchor.swift */ = {isa = PBXFileReference; fileEncoding = 4; lastKnownFileType = sourcecode.swift; path = Anchor.swift; sourceTree = "<group>"; };
		9717E42C2744746200332D29 /* Venue.swift */ = {isa = PBXFileReference; fileEncoding = 4; lastKnownFileType = sourcecode.swift; path = Venue.swift; sourceTree = "<group>"; };
		9717E42D2744746200332D29 /* Unit.swift */ = {isa = PBXFileReference; fileEncoding = 4; lastKnownFileType = sourcecode.swift; path = Unit.swift; sourceTree = "<group>"; };
		9717E42E2744746200332D29 /* Amenity.swift */ = {isa = PBXFileReference; fileEncoding = 4; lastKnownFileType = sourcecode.swift; path = Amenity.swift; sourceTree = "<group>"; };
		9717E42F2744746200332D29 /* Occupant.swift */ = {isa = PBXFileReference; fileEncoding = 4; lastKnownFileType = sourcecode.swift; path = Occupant.swift; sourceTree = "<group>"; };
		9717E4302744746200332D29 /* LocalizedName.swift */ = {isa = PBXFileReference; fileEncoding = 4; lastKnownFileType = sourcecode.swift; path = LocalizedName.swift; sourceTree = "<group>"; };
		9717E4312744746200332D29 /* Opening.swift */ = {isa = PBXFileReference; fileEncoding = 4; lastKnownFileType = sourcecode.swift; path = Opening.swift; sourceTree = "<group>"; };
		9717E4322744746200332D29 /* Level.swift */ = {isa = PBXFileReference; fileEncoding = 4; lastKnownFileType = sourcecode.swift; path = Level.swift; sourceTree = "<group>"; };
		9717E456274474FC00332D29 /* IMDFDecoder.swift */ = {isa = PBXFileReference; fileEncoding = 4; lastKnownFileType = sourcecode.swift; path = IMDFDecoder.swift; sourceTree = "<group>"; };
		9717E4582744773100332D29 /* MapViewDelegate.swift */ = {isa = PBXFileReference; lastKnownFileType = sourcecode.swift; path = MapViewDelegate.swift; sourceTree = "<group>"; };
		9717E45F27447A7D00332D29 /* IMDFData */ = {isa = PBXFileReference; lastKnownFileType = folder; path = IMDFData; sourceTree = "<group>"; };
		9717E46127447B8F00332D29 /* Styles.swift */ = {isa = PBXFileReference; fileEncoding = 4; lastKnownFileType = sourcecode.swift; path = Styles.swift; sourceTree = "<group>"; };
		97A484BB2717858700D14997 /* MapViewController.swift */ = {isa = PBXFileReference; lastKnownFileType = sourcecode.swift; path = MapViewController.swift; sourceTree = "<group>"; };
		97A484BF2717BAF700D14997 /* RoundButton.swift */ = {isa = PBXFileReference; lastKnownFileType = sourcecode.swift; path = RoundButton.swift; sourceTree = "<group>"; };
		97BBFEC627121F9E0039F3E0 /* TimetableModel.swift */ = {isa = PBXFileReference; lastKnownFileType = sourcecode.swift; path = TimetableModel.swift; sourceTree = "<group>"; };
		97BBFEC92712271D0039F3E0 /* TimetableProvider.swift */ = {isa = PBXFileReference; lastKnownFileType = sourcecode.swift; path = TimetableProvider.swift; sourceTree = "<group>"; };
		A225BCE803314D3CBE23F743 /* Pods-PolyNavi.debug.xcconfig */ = {isa = PBXFileReference; includeInIndex = 1; lastKnownFileType = text.xcconfig; name = "Pods-PolyNavi.debug.xcconfig"; path = "Target Support Files/Pods-PolyNavi/Pods-PolyNavi.debug.xcconfig"; sourceTree = "<group>"; };
		E64FD0279F25D58DA7A94A02 /* Pods-PolyNavi.release.xcconfig */ = {isa = PBXFileReference; includeInIndex = 1; lastKnownFileType = text.xcconfig; name = "Pods-PolyNavi.release.xcconfig"; path = "Target Support Files/Pods-PolyNavi/Pods-PolyNavi.release.xcconfig"; sourceTree = "<group>"; };
/* End PBXFileReference section */

/* Begin PBXFrameworksBuildPhase section */
		054F6781270C7B4C00FCC07C /* Frameworks */ = {
			isa = PBXFrameworksBuildPhase;
			buildActionMask = 2147483647;
			files = (
				CC14BD9E95A1118391DF5EB0 /* libPods-PolyNavi.a in Frameworks */,
			);
			runOnlyForDeploymentPostprocessing = 0;
		};
/* End PBXFrameworksBuildPhase section */

/* Begin PBXGroup section */
		05192B86270EE395001B2C57 /* TimetableVC */ = {
			isa = PBXGroup;
			children = (
				05C4C82A27134C2600C22D61 /* CellViews */,
				05C4C82C27134C5100C22D61 /* TimetableViewController.swift */,
				05C4C82E27134CC800C22D61 /* Timetable+DatasourceDelegate.swift */,
			);
			path = TimetableVC;
			sourceTree = "<group>";
		};
		054F677B270C7B4B00FCC07C = {
			isa = PBXGroup;
			children = (
				054F6786270C7B4C00FCC07C /* PolyNavi */,
				054F6785270C7B4C00FCC07C /* Products */,
				46370B1FDDF5AC7D9755CB89 /* Pods */,
				4B73B799F57DEF02F87D3626 /* Frameworks */,
			);
			sourceTree = "<group>";
		};
		054F6785270C7B4C00FCC07C /* Products */ = {
			isa = PBXGroup;
			children = (
				054F6784270C7B4C00FCC07C /* PolyNavi.app */,
			);
			name = Products;
			sourceTree = "<group>";
		};
		054F6786270C7B4C00FCC07C /* PolyNavi */ = {
			isa = PBXGroup;
			children = (
				9717E4282744744F00332D29 /* IMDF */,
				97A484BE2717BAEA00D14997 /* Components */,
				054F67A5270CD72700FCC07C /* App */,
				054F67A8270CD73A00FCC07C /* Api */,
				054F67A7270CD73500FCC07C /* Models */,
				054F67A6270CD73000FCC07C /* Views */,
				054F679B270C7E4C00FCC07C /* Resources */,
				054F6792270C7B4C00FCC07C /* LaunchScreen.storyboard */,
				054F6795270C7B4C00FCC07C /* Info.plist */,
			);
			path = PolyNavi;
			sourceTree = "<group>";
		};
		054F679B270C7E4C00FCC07C /* Resources */ = {
			isa = PBXGroup;
			children = (
				9717E45F27447A7D00332D29 /* IMDFData */,
				056F2D10271C620A0063015B /* Strings */,
				054F67A2270CD65C00FCC07C /* Generated */,
				054F6790270C7B4C00FCC07C /* Assets.xcassets */,
			);
			path = Resources;
			sourceTree = "<group>";
		};
		054F67A2270CD65C00FCC07C /* Generated */ = {
			isa = PBXGroup;
			children = (
				054F67A3270CD68900FCC07C /* XCAssets+Generated.swift */,
				056F2CFF271C5EB60063015B /* Strings+Generated.swift */,
			);
			path = Generated;
			sourceTree = "<group>";
		};
		054F67A5270CD72700FCC07C /* App */ = {
			isa = PBXGroup;
			children = (
				054F6787270C7B4C00FCC07C /* AppDelegate.swift */,
				054F6789270C7B4C00FCC07C /* SceneDelegate.swift */,
			);
			path = App;
			sourceTree = "<group>";
		};
		054F67A6270CD73000FCC07C /* Views */ = {
			isa = PBXGroup;
			children = (
				97A484BD27179ABE00D14997 /* MapVC */,
				056F2D1C271CAEB40063015B /* SettingTimetableVC */,
				05192B86270EE395001B2C57 /* TimetableVC */,
			);
			path = Views;
			sourceTree = "<group>";
		};
		054F67A7270CD73500FCC07C /* Models */ = {
			isa = PBXGroup;
			children = (
				054F67CB270CDFB400FCC07C /* LessonModel.swift */,
				05C32AC6271F4C3E0033B751 /* SettingsModel.swift */,
			);
			path = Models;
			sourceTree = "<group>";
		};
		054F67A8270CD73A00FCC07C /* Api */ = {
			isa = PBXGroup;
			children = (
				97BBFEC8271226BD0039F3E0 /* Timetable */,
			);
			path = Api;
			sourceTree = "<group>";
		};
		056F2D10271C620A0063015B /* Strings */ = {
			isa = PBXGroup;
			children = (
				056F2D15271C623B0063015B /* Localizable.strings */,
			);
			path = Strings;
			sourceTree = "<group>";
		};
		056F2D1C271CAEB40063015B /* SettingTimetableVC */ = {
			isa = PBXGroup;
			children = (
				05C32AC1271F06980033B751 /* ChoosingWithSearchTableView */,
				056F2D1D271CAED30063015B /* SettingTimetableVC.swift */,
				056F2D1F271CAF400063015B /* GroupsAndTeacherStorage.swift */,
			);
			path = SettingTimetableVC;
			sourceTree = "<group>";
		};
		05C32AC1271F06980033B751 /* ChoosingWithSearchTableView */ = {
			isa = PBXGroup;
			children = (
				05C32AC2271F06B70033B751 /* ChoosingWithSearchTableView.swift */,
				05C32AC4271F10BA0033B751 /* ChoosingTableViewCell.swift */,
			);
			path = ChoosingWithSearchTableView;
			sourceTree = "<group>";
		};
		05C4C82A27134C2600C22D61 /* CellViews */ = {
			isa = PBXGroup;
			children = (
				054F67A9270CD78D00FCC07C /* LessonCellView.swift */,
				0574A226271036CC00C33317 /* DateTableViewCell.swift */,
				0574A2282711FF5F00C33317 /* TimetableBreakTableViewCell.swift */,
				05C4C834271359A500C22D61 /* SkeletonCellViews */,
			);
			path = CellViews;
			sourceTree = "<group>";
		};
		05C4C834271359A500C22D61 /* SkeletonCellViews */ = {
			isa = PBXGroup;
			children = (
				05C4C8302713549A00C22D61 /* SkeletonDateTableViewCell.swift */,
				05C4C8322713599500C22D61 /* SkeletonLessonCellView.swift */,
			);
			path = SkeletonCellViews;
			sourceTree = "<group>";
		};
		46370B1FDDF5AC7D9755CB89 /* Pods */ = {
			isa = PBXGroup;
			children = (
				A225BCE803314D3CBE23F743 /* Pods-PolyNavi.debug.xcconfig */,
				E64FD0279F25D58DA7A94A02 /* Pods-PolyNavi.release.xcconfig */,
			);
			path = Pods;
			sourceTree = "<group>";
		};
		4B73B799F57DEF02F87D3626 /* Frameworks */ = {
			isa = PBXGroup;
			children = (
				378F1042FDA644BE9234BD31 /* libPods-PolyNavi.a */,
			);
			name = Frameworks;
			sourceTree = "<group>";
		};
		9717E4282744744F00332D29 /* IMDF */ = {
			isa = PBXGroup;
			children = (
				9717E46127447B8F00332D29 /* Styles.swift */,
				9717E456274474FC00332D29 /* IMDFDecoder.swift */,
				9717E4292744746200332D29 /* IMDFModel */,
			);
			path = IMDF;
			sourceTree = "<group>";
		};
		9717E4292744746200332D29 /* IMDFModel */ = {
			isa = PBXGroup;
			children = (
				9717E42A2744746200332D29 /* Feature.swift */,
				9717E42B2744746200332D29 /* Anchor.swift */,
				9717E42C2744746200332D29 /* Venue.swift */,
				9717E42D2744746200332D29 /* Unit.swift */,
				9717E42E2744746200332D29 /* Amenity.swift */,
				9717E42F2744746200332D29 /* Occupant.swift */,
				9717E4302744746200332D29 /* LocalizedName.swift */,
				9717E4312744746200332D29 /* Opening.swift */,
				9717E4322744746200332D29 /* Level.swift */,
			);
			path = IMDFModel;
			sourceTree = "<group>";
		};
		97A484BD27179ABE00D14997 /* MapVC */ = {
			isa = PBXGroup;
			children = (
				97A484BB2717858700D14997 /* MapViewController.swift */,
				9717E4262742991F00332D29 /* MapView.swift */,
				9717E4582744773100332D29 /* MapViewDelegate.swift */,
			);
			path = MapVC;
			sourceTree = "<group>";
		};
		97A484BE2717BAEA00D14997 /* Components */ = {
			isa = PBXGroup;
			children = (
				97A484BF2717BAF700D14997 /* RoundButton.swift */,
			);
			path = Components;
			sourceTree = "<group>";
		};
		97BBFEC8271226BD0039F3E0 /* Timetable */ = {
			isa = PBXGroup;
			children = (
				97BBFEC627121F9E0039F3E0 /* TimetableModel.swift */,
				97BBFEC92712271D0039F3E0 /* TimetableProvider.swift */,
			);
			path = Timetable;
			sourceTree = "<group>";
		};
/* End PBXGroup section */

/* Begin PBXNativeTarget section */
		054F6783270C7B4C00FCC07C /* PolyNavi */ = {
			isa = PBXNativeTarget;
			buildConfigurationList = 054F6798270C7B4C00FCC07C /* Build configuration list for PBXNativeTarget "PolyNavi" */;
			buildPhases = (
				E6F70D81C67778E7BEE3BC4E /* [CP] Check Pods Manifest.lock */,
				054F679E270C807800FCC07C /* SwiftGen */,
				054F6780270C7B4C00FCC07C /* Sources */,
				054F6781270C7B4C00FCC07C /* Frameworks */,
				054F6782270C7B4C00FCC07C /* Resources */,
			);
			buildRules = (
			);
			dependencies = (
			);
			name = PolyNavi;
			productName = PolyNavi;
			productReference = 054F6784270C7B4C00FCC07C /* PolyNavi.app */;
			productType = "com.apple.product-type.application";
		};
/* End PBXNativeTarget section */

/* Begin PBXProject section */
		054F677C270C7B4B00FCC07C /* Project object */ = {
			isa = PBXProject;
			attributes = {
				LastSwiftUpdateCheck = 1250;
				LastUpgradeCheck = 1250;
				TargetAttributes = {
					054F6783270C7B4C00FCC07C = {
						CreatedOnToolsVersion = 12.5;
					};
				};
			};
			buildConfigurationList = 054F677F270C7B4C00FCC07C /* Build configuration list for PBXProject "PolyNavi" */;
			compatibilityVersion = "Xcode 9.3";
			developmentRegion = en;
			hasScannedForEncodings = 0;
			knownRegions = (
				en,
				Base,
				ru,
			);
			mainGroup = 054F677B270C7B4B00FCC07C;
			productRefGroup = 054F6785270C7B4C00FCC07C /* Products */;
			projectDirPath = "";
			projectRoot = "";
			targets = (
				054F6783270C7B4C00FCC07C /* PolyNavi */,
			);
		};
/* End PBXProject section */

/* Begin PBXResourcesBuildPhase section */
		054F6782270C7B4C00FCC07C /* Resources */ = {
			isa = PBXResourcesBuildPhase;
			buildActionMask = 2147483647;
			files = (
				054F6794270C7B4C00FCC07C /* LaunchScreen.storyboard in Resources */,
				056F2D13271C623B0063015B /* Localizable.strings in Resources */,
				9717E46027447A7D00332D29 /* IMDFData in Resources */,
				054F6791270C7B4C00FCC07C /* Assets.xcassets in Resources */,
			);
			runOnlyForDeploymentPostprocessing = 0;
		};
/* End PBXResourcesBuildPhase section */

/* Begin PBXShellScriptBuildPhase section */
		054F679E270C807800FCC07C /* SwiftGen */ = {
			isa = PBXShellScriptBuildPhase;
			buildActionMask = 2147483647;
			files = (
			);
			inputFileListPaths = (
			);
			inputPaths = (
			);
			name = SwiftGen;
			outputFileListPaths = (
			);
			outputPaths = (
			);
			runOnlyForDeploymentPostprocessing = 0;
			shellPath = /bin/sh;
			shellScript = "# Type a script or drag a script file from your workspace to insert its path.\n\"$PODS_ROOT\"/SwiftGen/bin/swiftgen\n";
		};
		E6F70D81C67778E7BEE3BC4E /* [CP] Check Pods Manifest.lock */ = {
			isa = PBXShellScriptBuildPhase;
			buildActionMask = 2147483647;
			files = (
			);
			inputFileListPaths = (
			);
			inputPaths = (
				"${PODS_PODFILE_DIR_PATH}/Podfile.lock",
				"${PODS_ROOT}/Manifest.lock",
			);
			name = "[CP] Check Pods Manifest.lock";
			outputFileListPaths = (
			);
			outputPaths = (
				"$(DERIVED_FILE_DIR)/Pods-PolyNavi-checkManifestLockResult.txt",
			);
			runOnlyForDeploymentPostprocessing = 0;
			shellPath = /bin/sh;
			shellScript = "diff \"${PODS_PODFILE_DIR_PATH}/Podfile.lock\" \"${PODS_ROOT}/Manifest.lock\" > /dev/null\nif [ $? != 0 ] ; then\n    # print error to STDERR\n    echo \"error: The sandbox is not in sync with the Podfile.lock. Run 'pod install' or update your CocoaPods installation.\" >&2\n    exit 1\nfi\n# This output is used by Xcode 'outputs' to avoid re-running this script phase.\necho \"SUCCESS\" > \"${SCRIPT_OUTPUT_FILE_0}\"\n";
			showEnvVarsInLog = 0;
		};
/* End PBXShellScriptBuildPhase section */

/* Begin PBXSourcesBuildPhase section */
		054F6780270C7B4C00FCC07C /* Sources */ = {
			isa = PBXSourcesBuildPhase;
			buildActionMask = 2147483647;
			files = (
				056F2D20271CAF400063015B /* GroupsAndTeacherStorage.swift in Sources */,
				97BBFECA2712271D0039F3E0 /* TimetableProvider.swift in Sources */,
				9717E457274474FC00332D29 /* IMDFDecoder.swift in Sources */,
				05C32AC3271F06B70033B751 /* ChoosingWithSearchTableView.swift in Sources */,
				9717E4272742991F00332D29 /* MapView.swift in Sources */,
				0574A227271036CC00C33317 /* DateTableViewCell.swift in Sources */,
				05C4C82D27134C5100C22D61 /* TimetableViewController.swift in Sources */,
				9717E4382744746200332D29 /* Occupant.swift in Sources */,
				054F67A4270CD68900FCC07C /* XCAssets+Generated.swift in Sources */,
				054F6788270C7B4C00FCC07C /* AppDelegate.swift in Sources */,
				9717E4332744746200332D29 /* Feature.swift in Sources */,
				97BBFEC727121F9E0039F3E0 /* TimetableModel.swift in Sources */,
				9717E4342744746200332D29 /* Anchor.swift in Sources */,
				9717E43A2744746200332D29 /* Opening.swift in Sources */,
				9717E4372744746200332D29 /* Amenity.swift in Sources */,
				05C32AC7271F4C3E0033B751 /* SettingsModel.swift in Sources */,
				056F2D00271C5EB60063015B /* Strings+Generated.swift in Sources */,
				9717E4362744746200332D29 /* Unit.swift in Sources */,
				9717E4592744773100332D29 /* MapViewDelegate.swift in Sources */,
				97A484C02717BAF700D14997 /* RoundButton.swift in Sources */,
				054F678A270C7B4C00FCC07C /* SceneDelegate.swift in Sources */,
				054F67AA270CD78D00FCC07C /* LessonCellView.swift in Sources */,
				9717E4352744746200332D29 /* Venue.swift in Sources */,
				05C4C82F27134CC800C22D61 /* Timetable+DatasourceDelegate.swift in Sources */,
				9717E4392744746200332D29 /* LocalizedName.swift in Sources */,
				05C4C8312713549A00C22D61 /* SkeletonDateTableViewCell.swift in Sources */,
				05C4C8332713599500C22D61 /* SkeletonLessonCellView.swift in Sources */,
				054F67CC270CDFB400FCC07C /* LessonModel.swift in Sources */,
				9717E43B2744746200332D29 /* Level.swift in Sources */,
				9717E46227447B8F00332D29 /* Styles.swift in Sources */,
				0574A2292711FF5F00C33317 /* TimetableBreakTableViewCell.swift in Sources */,
				056F2D1E271CAED30063015B /* SettingTimetableVC.swift in Sources */,
				97A484BC2717858700D14997 /* MapViewController.swift in Sources */,
				05C32AC5271F10BA0033B751 /* ChoosingTableViewCell.swift in Sources */,
			);
			runOnlyForDeploymentPostprocessing = 0;
		};
/* End PBXSourcesBuildPhase section */

/* Begin PBXVariantGroup section */
		054F6792270C7B4C00FCC07C /* LaunchScreen.storyboard */ = {
			isa = PBXVariantGroup;
			children = (
				054F6793270C7B4C00FCC07C /* Base */,
			);
			name = LaunchScreen.storyboard;
			sourceTree = "<group>";
		};
		056F2D15271C623B0063015B /* Localizable.strings */ = {
			isa = PBXVariantGroup;
			children = (
				056F2D14271C623B0063015B /* en */,
				056F2D1A271C62EC0063015B /* ru */,
			);
			name = Localizable.strings;
			sourceTree = "<group>";
		};
/* End PBXVariantGroup section */

/* Begin XCBuildConfiguration section */
		054F6796270C7B4C00FCC07C /* Debug */ = {
			isa = XCBuildConfiguration;
			buildSettings = {
				ALWAYS_SEARCH_USER_PATHS = NO;
				CLANG_ANALYZER_LOCALIZABILITY_NONLOCALIZED = YES;
				CLANG_ANALYZER_NONNULL = YES;
				CLANG_ANALYZER_NUMBER_OBJECT_CONVERSION = YES_AGGRESSIVE;
				CLANG_CXX_LANGUAGE_STANDARD = "gnu++14";
				CLANG_CXX_LIBRARY = "libc++";
				CLANG_ENABLE_MODULES = YES;
				CLANG_ENABLE_OBJC_ARC = YES;
				CLANG_ENABLE_OBJC_WEAK = YES;
				CLANG_WARN_BLOCK_CAPTURE_AUTORELEASING = YES;
				CLANG_WARN_BOOL_CONVERSION = YES;
				CLANG_WARN_COMMA = YES;
				CLANG_WARN_CONSTANT_CONVERSION = YES;
				CLANG_WARN_DEPRECATED_OBJC_IMPLEMENTATIONS = YES;
				CLANG_WARN_DIRECT_OBJC_ISA_USAGE = YES_ERROR;
				CLANG_WARN_DOCUMENTATION_COMMENTS = YES;
				CLANG_WARN_EMPTY_BODY = YES;
				CLANG_WARN_ENUM_CONVERSION = YES;
				CLANG_WARN_INFINITE_RECURSION = YES;
				CLANG_WARN_INT_CONVERSION = YES;
				CLANG_WARN_NON_LITERAL_NULL_CONVERSION = YES;
				CLANG_WARN_OBJC_IMPLICIT_RETAIN_SELF = YES;
				CLANG_WARN_OBJC_LITERAL_CONVERSION = YES;
				CLANG_WARN_OBJC_ROOT_CLASS = YES_ERROR;
				CLANG_WARN_QUOTED_INCLUDE_IN_FRAMEWORK_HEADER = YES;
				CLANG_WARN_RANGE_LOOP_ANALYSIS = YES;
				CLANG_WARN_STRICT_PROTOTYPES = YES;
				CLANG_WARN_SUSPICIOUS_MOVE = YES;
				CLANG_WARN_UNGUARDED_AVAILABILITY = YES_AGGRESSIVE;
				CLANG_WARN_UNREACHABLE_CODE = YES;
				CLANG_WARN__DUPLICATE_METHOD_MATCH = YES;
				COPY_PHASE_STRIP = NO;
				DEBUG_INFORMATION_FORMAT = dwarf;
				ENABLE_STRICT_OBJC_MSGSEND = YES;
				ENABLE_TESTABILITY = YES;
				GCC_C_LANGUAGE_STANDARD = gnu11;
				GCC_DYNAMIC_NO_PIC = NO;
				GCC_NO_COMMON_BLOCKS = YES;
				GCC_OPTIMIZATION_LEVEL = 0;
				GCC_PREPROCESSOR_DEFINITIONS = (
					"DEBUG=1",
					"$(inherited)",
				);
				GCC_WARN_64_TO_32_BIT_CONVERSION = YES;
				GCC_WARN_ABOUT_RETURN_TYPE = YES_ERROR;
				GCC_WARN_UNDECLARED_SELECTOR = YES;
				GCC_WARN_UNINITIALIZED_AUTOS = YES_AGGRESSIVE;
				GCC_WARN_UNUSED_FUNCTION = YES;
				GCC_WARN_UNUSED_VARIABLE = YES;
				IPHONEOS_DEPLOYMENT_TARGET = 14.5;
				MTL_ENABLE_DEBUG_INFO = INCLUDE_SOURCE;
				MTL_FAST_MATH = YES;
				ONLY_ACTIVE_ARCH = YES;
				SDKROOT = iphoneos;
				SWIFT_ACTIVE_COMPILATION_CONDITIONS = DEBUG;
				SWIFT_OPTIMIZATION_LEVEL = "-Onone";
			};
			name = Debug;
		};
		054F6797270C7B4C00FCC07C /* Release */ = {
			isa = XCBuildConfiguration;
			buildSettings = {
				ALWAYS_SEARCH_USER_PATHS = NO;
				CLANG_ANALYZER_LOCALIZABILITY_NONLOCALIZED = YES;
				CLANG_ANALYZER_NONNULL = YES;
				CLANG_ANALYZER_NUMBER_OBJECT_CONVERSION = YES_AGGRESSIVE;
				CLANG_CXX_LANGUAGE_STANDARD = "gnu++14";
				CLANG_CXX_LIBRARY = "libc++";
				CLANG_ENABLE_MODULES = YES;
				CLANG_ENABLE_OBJC_ARC = YES;
				CLANG_ENABLE_OBJC_WEAK = YES;
				CLANG_WARN_BLOCK_CAPTURE_AUTORELEASING = YES;
				CLANG_WARN_BOOL_CONVERSION = YES;
				CLANG_WARN_COMMA = YES;
				CLANG_WARN_CONSTANT_CONVERSION = YES;
				CLANG_WARN_DEPRECATED_OBJC_IMPLEMENTATIONS = YES;
				CLANG_WARN_DIRECT_OBJC_ISA_USAGE = YES_ERROR;
				CLANG_WARN_DOCUMENTATION_COMMENTS = YES;
				CLANG_WARN_EMPTY_BODY = YES;
				CLANG_WARN_ENUM_CONVERSION = YES;
				CLANG_WARN_INFINITE_RECURSION = YES;
				CLANG_WARN_INT_CONVERSION = YES;
				CLANG_WARN_NON_LITERAL_NULL_CONVERSION = YES;
				CLANG_WARN_OBJC_IMPLICIT_RETAIN_SELF = YES;
				CLANG_WARN_OBJC_LITERAL_CONVERSION = YES;
				CLANG_WARN_OBJC_ROOT_CLASS = YES_ERROR;
				CLANG_WARN_QUOTED_INCLUDE_IN_FRAMEWORK_HEADER = YES;
				CLANG_WARN_RANGE_LOOP_ANALYSIS = YES;
				CLANG_WARN_STRICT_PROTOTYPES = YES;
				CLANG_WARN_SUSPICIOUS_MOVE = YES;
				CLANG_WARN_UNGUARDED_AVAILABILITY = YES_AGGRESSIVE;
				CLANG_WARN_UNREACHABLE_CODE = YES;
				CLANG_WARN__DUPLICATE_METHOD_MATCH = YES;
				COPY_PHASE_STRIP = NO;
				DEBUG_INFORMATION_FORMAT = "dwarf-with-dsym";
				ENABLE_NS_ASSERTIONS = NO;
				ENABLE_STRICT_OBJC_MSGSEND = YES;
				GCC_C_LANGUAGE_STANDARD = gnu11;
				GCC_NO_COMMON_BLOCKS = YES;
				GCC_WARN_64_TO_32_BIT_CONVERSION = YES;
				GCC_WARN_ABOUT_RETURN_TYPE = YES_ERROR;
				GCC_WARN_UNDECLARED_SELECTOR = YES;
				GCC_WARN_UNINITIALIZED_AUTOS = YES_AGGRESSIVE;
				GCC_WARN_UNUSED_FUNCTION = YES;
				GCC_WARN_UNUSED_VARIABLE = YES;
				IPHONEOS_DEPLOYMENT_TARGET = 14.5;
				MTL_ENABLE_DEBUG_INFO = NO;
				MTL_FAST_MATH = YES;
				SDKROOT = iphoneos;
				SWIFT_COMPILATION_MODE = wholemodule;
				SWIFT_OPTIMIZATION_LEVEL = "-O";
				VALIDATE_PRODUCT = YES;
			};
			name = Release;
		};
		054F6799270C7B4C00FCC07C /* Debug */ = {
			isa = XCBuildConfiguration;
			baseConfigurationReference = A225BCE803314D3CBE23F743 /* Pods-PolyNavi.debug.xcconfig */;
			buildSettings = {
				ASSETCATALOG_COMPILER_APPICON_NAME = AppIcon;
				ASSETCATALOG_COMPILER_GLOBAL_ACCENT_COLOR_NAME = AccentColor;
				ASSETCATALOG_COMPILER_INCLUDE_ALL_APPICON_ASSETS = YES;
				CODE_SIGN_IDENTITY = "iPhone Distribution";
				CODE_SIGN_STYLE = Manual;
				CURRENT_PROJECT_VERSION = 2;
				DEVELOPMENT_TEAM = LZP5UN7552;
				INFOPLIST_FILE = PolyNavi/Info.plist;
				IPHONEOS_DEPLOYMENT_TARGET = 13.0;
				LD_RUNPATH_SEARCH_PATHS = (
					"$(inherited)",
					"@executable_path/Frameworks",
				);
				PRODUCT_BUNDLE_IDENTIFIER = com.soprachev.polymap;
				PRODUCT_NAME = "$(TARGET_NAME)";
				PROVISIONING_PROFILE_SPECIFIER = "match AppStore com.soprachev.polymap";
				SWIFT_VERSION = 5.0;
				TARGETED_DEVICE_FAMILY = "1,2";
				VERSIONING_SYSTEM = "apple-generic";
			};
			name = Debug;
		};
		054F679A270C7B4C00FCC07C /* Release */ = {
			isa = XCBuildConfiguration;
			baseConfigurationReference = E64FD0279F25D58DA7A94A02 /* Pods-PolyNavi.release.xcconfig */;
			buildSettings = {
				ASSETCATALOG_COMPILER_APPICON_NAME = AppIcon;
				ASSETCATALOG_COMPILER_GLOBAL_ACCENT_COLOR_NAME = AccentColor;
				ASSETCATALOG_COMPILER_INCLUDE_ALL_APPICON_ASSETS = YES;
				CODE_SIGN_IDENTITY = "iPhone Distribution";
				CODE_SIGN_STYLE = Manual;
				CURRENT_PROJECT_VERSION = 2;
				DEVELOPMENT_TEAM = LZP5UN7552;
				INFOPLIST_FILE = PolyNavi/Info.plist;
				IPHONEOS_DEPLOYMENT_TARGET = 13.0;
				LD_RUNPATH_SEARCH_PATHS = (
					"$(inherited)",
					"@executable_path/Frameworks",
				);
				PRODUCT_BUNDLE_IDENTIFIER = com.soprachev.polymap;
				PRODUCT_NAME = "$(TARGET_NAME)";
				PROVISIONING_PROFILE_SPECIFIER = "match AppStore com.soprachev.polymap";
				SWIFT_VERSION = 5.0;
				TARGETED_DEVICE_FAMILY = "1,2";
				VERSIONING_SYSTEM = "apple-generic";
			};
			name = Release;
		};
/* End XCBuildConfiguration section */

/* Begin XCConfigurationList section */
		054F677F270C7B4C00FCC07C /* Build configuration list for PBXProject "PolyNavi" */ = {
			isa = XCConfigurationList;
			buildConfigurations = (
				054F6796270C7B4C00FCC07C /* Debug */,
				054F6797270C7B4C00FCC07C /* Release */,
			);
			defaultConfigurationIsVisible = 0;
			defaultConfigurationName = Release;
		};
		054F6798270C7B4C00FCC07C /* Build configuration list for PBXNativeTarget "PolyNavi" */ = {
			isa = XCConfigurationList;
			buildConfigurations = (
				054F6799270C7B4C00FCC07C /* Debug */,
				054F679A270C7B4C00FCC07C /* Release */,
			);
			defaultConfigurationIsVisible = 0;
			defaultConfigurationName = Release;
		};
/* End XCConfigurationList section */
	};
	rootObject = 054F677C270C7B4B00FCC07C /* Project object */;
}
